
Microsoft Visual Studio Solution File, Format Version 12.00
# Visual Studio Version 17
VisualStudioVersion = 17.4.33213.308
MinimumVisualStudioVersion = 10.0.40219.1
Project("{FAE04EC0-301F-11D3-BF4B-00C04F79EFBC}") = "pryLaboratorioSP1", "SP1\pryLaboratorioSP1.csproj", "{778D259E-9B62-483E-875F-D8647EBA290D}"
EndProject
Global
	GlobalSection(SolutionConfigurationPlatforms) = preSolution
		Debug|Any CPU = Debug|Any CPU
		Release|Any CPU = Release|Any CPU
	EndGlobalSection
	GlobalSection(ProjectConfigurationPlatforms) = postSolution
		{778D259E-9B62-483E-875F-D8647EBA290D}.Debug|Any CPU.ActiveCfg = Debug|Any CPU
		{778D259E-9B62-483E-875F-D8647EBA290D}.Debug|Any CPU.Build.0 = Debug|Any CPU
		{778D259E-9B62-483E-875F-D8647EBA290D}.Release|Any CPU.ActiveCfg = Release|Any CPU
		{778D259E-9B62-483E-875F-D8647EBA290D}.Release|Any CPU.Build.0 = Release|Any CPU
	EndGlobalSection
	GlobalSection(SolutionProperties) = preSolution
		HideSolutionNode = FALSE
	EndGlobalSection
	GlobalSection(ExtensibilityGlobals) = postSolution
		SolutionGuid = {F714E6CA-C8D3-4648-B36B-CB60235EF0A0}
	EndGlobalSection
EndGlobal
